
Microsoft Visual Studio Solution File, Format Version 12.00
# Visual Studio 15
VisualStudioVersion = 15.0.27004.2002
MinimumVisualStudioVersion = 10.0.40219.1
Project("{9A19103F-16F7-4668-BE54-9A1E7A4F7556}") = "FluentCommandLineParser", "FluentCommandLineParser\FluentCommandLineParser.csproj", "{F3BB0AC1-D127-4D21-B5EC-94C699E8F835}"
EndProject
Project("{9A19103F-16F7-4668-BE54-9A1E7A4F7556}") = "FluentCommandLineParser.Tests", "FluentCommandLineParser.Tests\FluentCommandLineParser.Tests.csproj", "{5F74762D-06C0-49B3-BD08-2E4C8AB9A2DA}"
EndProject
Global
	GlobalSection(SolutionConfigurationPlatforms) = preSolution
		Debug|Any CPU = Debug|Any CPU
		Release|Any CPU = Release|Any CPU
	EndGlobalSection
	GlobalSection(ProjectConfigurationPlatforms) = postSolution
		{F3BB0AC1-D127-4D21-B5EC-94C699E8F835}.Debug|Any CPU.ActiveCfg = Debug|Any CPU
		{F3BB0AC1-D127-4D21-B5EC-94C699E8F835}.Debug|Any CPU.Build.0 = Debug|Any CPU
		{F3BB0AC1-D127-4D21-B5EC-94C699E8F835}.Release|Any CPU.ActiveCfg = Release|Any CPU
		{F3BB0AC1-D127-4D21-B5EC-94C699E8F835}.Release|Any CPU.Build.0 = Release|Any CPU
		{5F74762D-06C0-49B3-BD08-2E4C8AB9A2DA}.Debug|Any CPU.ActiveCfg = Debug|Any CPU
		{5F74762D-06C0-49B3-BD08-2E4C8AB9A2DA}.Debug|Any CPU.Build.0 = Debug|Any CPU
		{5F74762D-06C0-49B3-BD08-2E4C8AB9A2DA}.Release|Any CPU.ActiveCfg = Release|Any CPU
		{5F74762D-06C0-49B3-BD08-2E4C8AB9A2DA}.Release|Any CPU.Build.0 = Release|Any CPU
	EndGlobalSection
	GlobalSection(SolutionProperties) = preSolution
		HideSolutionNode = FALSE
	EndGlobalSection
	GlobalSection(ExtensibilityGlobals) = postSolution
		SolutionGuid = {CD96843C-F419-4CB9-9D24-2695219BEC4A}
	EndGlobalSection
EndGlobal
